
Microsoft Visual Studio Solution File, Format Version 12.00
# Visual Studio Version 16
VisualStudioVersion = 16.0.30225.117
MinimumVisualStudioVersion = 10.0.40219.1
Project("{9A19103F-16F7-4668-BE54-9A1E7A4F7556}") = "Tabula", "Tabula\Tabula.csproj", "{8FCCBCB3-2595-45C0-9A2A-5EC6924D9D7C}"
EndProject
Project("{9A19103F-16F7-4668-BE54-9A1E7A4F7556}") = "Tabula.Tests", "Tabula.Tests\Tabula.Tests.csproj", "{D6D53FC9-0423-42FC-872A-C5329B306F7B}"
EndProject
Project("{9A19103F-16F7-4668-BE54-9A1E7A4F7556}") = "Tabula.Csv", "Tabula.Csv\Tabula.Csv.csproj", "{DB0EB31A-8308-473A-A850-9BBB9C0CCB79}"
EndProject
Project("{9A19103F-16F7-4668-BE54-9A1E7A4F7556}") = "Tabula.Json", "Tabula.Json\Tabula.Json.csproj", "{67456351-5996-44E9-AF5A-4B91A36CD35B}"
EndProject
Project("{FAE04EC0-301F-11D3-BF4B-00C04F79EFBC}") = "Tabula.Drawing", "Tabula.Drawing\Tabula.Drawing.csproj", "{02D75F79-26AE-4B79-86F7-00FEA456F504}"
EndProject
Global
	GlobalSection(SolutionConfigurationPlatforms) = preSolution
		Debug|Any CPU = Debug|Any CPU
		Release|Any CPU = Release|Any CPU
	EndGlobalSection
	GlobalSection(ProjectConfigurationPlatforms) = postSolution
		{8FCCBCB3-2595-45C0-9A2A-5EC6924D9D7C}.Debug|Any CPU.ActiveCfg = Debug|Any CPU
		{8FCCBCB3-2595-45C0-9A2A-5EC6924D9D7C}.Debug|Any CPU.Build.0 = Debug|Any CPU
		{8FCCBCB3-2595-45C0-9A2A-5EC6924D9D7C}.Release|Any CPU.ActiveCfg = Release|Any CPU
		{8FCCBCB3-2595-45C0-9A2A-5EC6924D9D7C}.Release|Any CPU.Build.0 = Release|Any CPU
		{D6D53FC9-0423-42FC-872A-C5329B306F7B}.Debug|Any CPU.ActiveCfg = Debug|Any CPU
		{D6D53FC9-0423-42FC-872A-C5329B306F7B}.Debug|Any CPU.Build.0 = Debug|Any CPU
		{D6D53FC9-0423-42FC-872A-C5329B306F7B}.Release|Any CPU.ActiveCfg = Release|Any CPU
		{D6D53FC9-0423-42FC-872A-C5329B306F7B}.Release|Any CPU.Build.0 = Release|Any CPU
		{DB0EB31A-8308-473A-A850-9BBB9C0CCB79}.Debug|Any CPU.ActiveCfg = Debug|Any CPU
		{DB0EB31A-8308-473A-A850-9BBB9C0CCB79}.Debug|Any CPU.Build.0 = Debug|Any CPU
		{DB0EB31A-8308-473A-A850-9BBB9C0CCB79}.Release|Any CPU.ActiveCfg = Release|Any CPU
		{DB0EB31A-8308-473A-A850-9BBB9C0CCB79}.Release|Any CPU.Build.0 = Release|Any CPU
		{67456351-5996-44E9-AF5A-4B91A36CD35B}.Debug|Any CPU.ActiveCfg = Debug|Any CPU
		{67456351-5996-44E9-AF5A-4B91A36CD35B}.Debug|Any CPU.Build.0 = Debug|Any CPU
		{67456351-5996-44E9-AF5A-4B91A36CD35B}.Release|Any CPU.ActiveCfg = Release|Any CPU
		{67456351-5996-44E9-AF5A-4B91A36CD35B}.Release|Any CPU.Build.0 = Release|Any CPU
		{02D75F79-26AE-4B79-86F7-00FEA456F504}.Debug|Any CPU.ActiveCfg = Debug|Any CPU
		{02D75F79-26AE-4B79-86F7-00FEA456F504}.Debug|Any CPU.Build.0 = Debug|Any CPU
		{02D75F79-26AE-4B79-86F7-00FEA456F504}.Release|Any CPU.ActiveCfg = Release|Any CPU
		{02D75F79-26AE-4B79-86F7-00FEA456F504}.Release|Any CPU.Build.0 = Release|Any CPU
	EndGlobalSection
	GlobalSection(SolutionProperties) = preSolution
		HideSolutionNode = FALSE
	EndGlobalSection
	GlobalSection(ExtensibilityGlobals) = postSolution
		SolutionGuid = {CEBF744E-844C-47CF-A1DD-B86E45D32FAF}
	EndGlobalSection
EndGlobal
